PODS:
  - Cosmos (23.0.0)
  - Realm (10.25.1):
    - Realm/Headers (= 10.25.1)
  - Realm/Headers (10.25.1)
  - RealmSwift (10.25.1):
    - Realm (= 10.25.1)

DEPENDENCIES:
  - Cosmos (~> 23.0)
  - RealmSwift (~> 10)

SPEC REPOS:
  trunk:
    - Cosmos
    - Realm
    - RealmSwift

SPEC CHECKSUMS:
  Cosmos: b5c6a9a637e28a061b54c8f8b1d8529d7d4db73f
  Realm: 1a6e9b4f6983711655d8c0bcb6d2d29c3afbb1f3
  RealmSwift: e72669550d27082aa4fad5d176f5076cfe806245

PODFILE CHECKSUM: f724bd7382fa2fd9b1f18552950b1dcb2e9b3d24

COCOAPODS: 1.11.2
